// !$*UTF8*$!
{
	archiveVersion = 1;
	classes = {
	};
	objectVersion = 51;
	objects = {

/* Begin PBXBuildFile section */
		05CEBDBCB9B12E93541DB761 /* Pods_NetflixBinge.framework in Frameworks */ = {isa = PBXBuildFile; fileRef = 69EA1BEFEE65401D7B7443E4 /* Pods_NetflixBinge.framework */; };
		FA18C8E02432FD5000A5FA54 /* LoginViewController.swift in Sources */ = {isa = PBXBuildFile; fileRef = FA18C8DF2432FD5000A5FA54 /* LoginViewController.swift */; };
		FAA887642431FEE200B83743 /* DetailViewController.swift in Sources */ = {isa = PBXBuildFile; fileRef = FAA887632431FEE200B83743 /* DetailViewController.swift */; };
		FAA88769243244A900B83743 /* mavenpro-black.ttf in Resources */ = {isa = PBXBuildFile; fileRef = FAA88765243244A800B83743 /* mavenpro-black.ttf */; };
		FAA8876A243244A900B83743 /* mavenpro-regular.ttf in Resources */ = {isa = PBXBuildFile; fileRef = FAA88766243244A900B83743 /* mavenpro-regular.ttf */; };
		FAA8876B243244A900B83743 /* mavenpro-bold.ttf in Resources */ = {isa = PBXBuildFile; fileRef = FAA88767243244A900B83743 /* mavenpro-bold.ttf */; };
		FAA8876C243244A900B83743 /* mavenpro-medium.ttf in Resources */ = {isa = PBXBuildFile; fileRef = FAA88768243244A900B83743 /* mavenpro-medium.ttf */; };
		FAA8877024324B5300B83743 /* ListViewController.swift in Sources */ = {isa = PBXBuildFile; fileRef = FAA8876F24324B5300B83743 /* ListViewController.swift */; };
		FAA887722432C03C00B83743 /* BaseViewController.swift in Sources */ = {isa = PBXBuildFile; fileRef = FAA887712432C03C00B83743 /* BaseViewController.swift */; };
		FAB43B57242D0441007B8F50 /* AppDelegate.swift in Sources */ = {isa = PBXBuildFile; fileRef = FAB43B56242D0441007B8F50 /* AppDelegate.swift */; };
		FAB43B5B242D0441007B8F50 /* ViewController.swift in Sources */ = {isa = PBXBuildFile; fileRef = FAB43B5A242D0441007B8F50 /* ViewController.swift */; };
		FAB43B5E242D0441007B8F50 /* Main.storyboard in Resources */ = {isa = PBXBuildFile; fileRef = FAB43B5C242D0441007B8F50 /* Main.storyboard */; };
		FAB43B60242D0442007B8F50 /* Assets.xcassets in Resources */ = {isa = PBXBuildFile; fileRef = FAB43B5F242D0442007B8F50 /* Assets.xcassets */; };
		FAB43B63242D0442007B8F50 /* LaunchScreen.storyboard in Resources */ = {isa = PBXBuildFile; fileRef = FAB43B61242D0442007B8F50 /* LaunchScreen.storyboard */; };
		FAB43B6B242D7380007B8F50 /* Fetcher.swift in Sources */ = {isa = PBXBuildFile; fileRef = FAB43B6A242D7380007B8F50 /* Fetcher.swift */; };
		FAB43B6D242D73E7007B8F50 /* Responses.swift in Sources */ = {isa = PBXBuildFile; fileRef = FAB43B6C242D73E7007B8F50 /* Responses.swift */; };
		FAB43B91242DD31E007B8F50 /* MovieCell.swift in Sources */ = {isa = PBXBuildFile; fileRef = FAB43B90242DD31E007B8F50 /* MovieCell.swift */; };
		FAB43B93242DD3D8007B8F50 /* MovieTableViewController.swift in Sources */ = {isa = PBXBuildFile; fileRef = FAB43B92242DD3D8007B8F50 /* MovieTableViewController.swift */; };
		FAB43B95242DE857007B8F50 /* ParametersViewController.swift in Sources */ = {isa = PBXBuildFile; fileRef = FAB43B94242DE857007B8F50 /* ParametersViewController.swift */; };
/* End PBXBuildFile section */

/* Begin PBXFileReference section */
		238CAB7B8BC219FDC82C6330 /* Pods-NetflixBinge.debug.xcconfig */ = {isa = PBXFileReference; includeInIndex = 1; lastKnownFileType = text.xcconfig; name = "Pods-NetflixBinge.debug.xcconfig"; path = "Target Support Files/Pods-NetflixBinge/Pods-NetflixBinge.debug.xcconfig"; sourceTree = "<group>"; };
		69EA1BEFEE65401D7B7443E4 /* Pods_NetflixBinge.framework */ = {isa = PBXFileReference; explicitFileType = wrapper.framework; includeInIndex = 0; path = Pods_NetflixBinge.framework; sourceTree = BUILT_PRODUCTS_DIR; };
		EB1A63450DF9BFCD95C309B1 /* Pods-NetflixBinge.release.xcconfig */ = {isa = PBXFileReference; includeInIndex = 1; lastKnownFileType = text.xcconfig; name = "Pods-NetflixBinge.release.xcconfig"; path = "Target Support Files/Pods-NetflixBinge/Pods-NetflixBinge.release.xcconfig"; sourceTree = "<group>"; };
		FA18C8DF2432FD5000A5FA54 /* LoginViewController.swift */ = {isa = PBXFileReference; lastKnownFileType = sourcecode.swift; path = LoginViewController.swift; sourceTree = "<group>"; };
		FAA887632431FEE200B83743 /* DetailViewController.swift */ = {isa = PBXFileReference; lastKnownFileType = sourcecode.swift; path = DetailViewController.swift; sourceTree = "<group>"; };
		FAA88765243244A800B83743 /* mavenpro-black.ttf */ = {isa = PBXFileReference; lastKnownFileType = file; path = "mavenpro-black.ttf"; sourceTree = "<group>"; };
		FAA88766243244A900B83743 /* mavenpro-regular.ttf */ = {isa = PBXFileReference; lastKnownFileType = file; path = "mavenpro-regular.ttf"; sourceTree = "<group>"; };
		FAA88767243244A900B83743 /* mavenpro-bold.ttf */ = {isa = PBXFileReference; lastKnownFileType = file; path = "mavenpro-bold.ttf"; sourceTree = "<group>"; };
		FAA88768243244A900B83743 /* mavenpro-medium.ttf */ = {isa = PBXFileReference; lastKnownFileType = file; path = "mavenpro-medium.ttf"; sourceTree = "<group>"; };
		FAA8876F24324B5300B83743 /* ListViewController.swift */ = {isa = PBXFileReference; lastKnownFileType = sourcecode.swift; path = ListViewController.swift; sourceTree = "<group>"; };
		FAA887712432C03C00B83743 /* BaseViewController.swift */ = {isa = PBXFileReference; lastKnownFileType = sourcecode.swift; path = BaseViewController.swift; sourceTree = "<group>"; };
		FAA887762432DAB700B83743 /* YoshikoTextField.swift */ = {isa = PBXFileReference; lastKnownFileType = sourcecode.swift; path = YoshikoTextField.swift; sourceTree = "<group>"; };
		FAA887772432DAB700B83743 /* TextFieldEffects.h */ = {isa = PBXFileReference; lastKnownFileType = sourcecode.c.h; path = TextFieldEffects.h; sourceTree = "<group>"; };
		FAA887782432DAB700B83743 /* HoshiTextField.swift */ = {isa = PBXFileReference; lastKnownFileType = sourcecode.swift; path = HoshiTextField.swift; sourceTree = "<group>"; };
		FAA887792432DAB700B83743 /* MinoruTextField.swift */ = {isa = PBXFileReference; lastKnownFileType = sourcecode.swift; path = MinoruTextField.swift; sourceTree = "<group>"; };
		FAA8877A2432DAB700B83743 /* YokoTextField.swift */ = {isa = PBXFileReference; lastKnownFileType = sourcecode.swift; path = YokoTextField.swift; sourceTree = "<group>"; };
		FAA8877B2432DAB700B83743 /* TextFieldEffects.swift */ = {isa = PBXFileReference; lastKnownFileType = sourcecode.swift; path = TextFieldEffects.swift; sourceTree = "<group>"; };
		FAA8877C2432DAB700B83743 /* JiroTextField.swift */ = {isa = PBXFileReference; lastKnownFileType = sourcecode.swift; path = JiroTextField.swift; sourceTree = "<group>"; };
		FAA8877D2432DAB700B83743 /* MadokaTextField.swift */ = {isa = PBXFileReference; lastKnownFileType = sourcecode.swift; path = MadokaTextField.swift; sourceTree = "<group>"; };
		FAA8877E2432DAB700B83743 /* KaedeTextField.swift */ = {isa = PBXFileReference; lastKnownFileType = sourcecode.swift; path = KaedeTextField.swift; sourceTree = "<group>"; };
		FAA8877F2432DAB700B83743 /* AkiraTextField.swift */ = {isa = PBXFileReference; lastKnownFileType = sourcecode.swift; path = AkiraTextField.swift; sourceTree = "<group>"; };
		FAA887802432DAB700B83743 /* IsaoTextField.swift */ = {isa = PBXFileReference; lastKnownFileType = sourcecode.swift; path = IsaoTextField.swift; sourceTree = "<group>"; };
		FAA887812432DAB700B83743 /* Info.plist */ = {isa = PBXFileReference; lastKnownFileType = text.plist.xml; path = Info.plist; sourceTree = "<group>"; };
		FAA887832432DABB00B83743 /* YoshikoTextField.swift */ = {isa = PBXFileReference; lastKnownFileType = sourcecode.swift; path = YoshikoTextField.swift; sourceTree = "<group>"; };
		FAA887842432DABB00B83743 /* TextFieldEffects.h */ = {isa = PBXFileReference; lastKnownFileType = sourcecode.c.h; path = TextFieldEffects.h; sourceTree = "<group>"; };
		FAA887852432DABB00B83743 /* HoshiTextField.swift */ = {isa = PBXFileReference; lastKnownFileType = sourcecode.swift; path = HoshiTextField.swift; sourceTree = "<group>"; };
		FAA887862432DABB00B83743 /* MinoruTextField.swift */ = {isa = PBXFileReference; lastKnownFileType = sourcecode.swift; path = MinoruTextField.swift; sourceTree = "<group>"; };
		FAA887872432DABB00B83743 /* YokoTextField.swift */ = {isa = PBXFileReference; lastKnownFileType = sourcecode.swift; path = YokoTextField.swift; sourceTree = "<group>"; };
		FAA887882432DABB00B83743 /* TextFieldEffects.swift */ = {isa = PBXFileReference; lastKnownFileType = sourcecode.swift; path = TextFieldEffects.swift; sourceTree = "<group>"; };
		FAA887892432DABB00B83743 /* JiroTextField.swift */ = {isa = PBXFileReference; lastKnownFileType = sourcecode.swift; path = JiroTextField.swift; sourceTree = "<group>"; };
		FAA8878A2432DABB00B83743 /* MadokaTextField.swift */ = {isa = PBXFileReference; lastKnownFileType = sourcecode.swift; path = MadokaTextField.swift; sourceTree = "<group>"; };
		FAA8878B2432DABB00B83743 /* KaedeTextField.swift */ = {isa = PBXFileReference; lastKnownFileType = sourcecode.swift; path = KaedeTextField.swift; sourceTree = "<group>"; };
		FAA8878C2432DABB00B83743 /* AkiraTextField.swift */ = {isa = PBXFileReference; lastKnownFileType = sourcecode.swift; path = AkiraTextField.swift; sourceTree = "<group>"; };
		FAA8878D2432DABB00B83743 /* IsaoTextField.swift */ = {isa = PBXFileReference; lastKnownFileType = sourcecode.swift; path = IsaoTextField.swift; sourceTree = "<group>"; };
		FAA8878E2432DABB00B83743 /* Info.plist */ = {isa = PBXFileReference; lastKnownFileType = text.plist.xml; path = Info.plist; sourceTree = "<group>"; };
		FAB43B53242D0441007B8F50 /* NetflixBinge.app */ = {isa = PBXFileReference; explicitFileType = wrapper.application; includeInIndex = 0; path = NetflixBinge.app; sourceTree = BUILT_PRODUCTS_DIR; };
		FAB43B56242D0441007B8F50 /* AppDelegate.swift */ = {isa = PBXFileReference; lastKnownFileType = sourcecode.swift; path = AppDelegate.swift; sourceTree = "<group>"; };
		FAB43B5A242D0441007B8F50 /* ViewController.swift */ = {isa = PBXFileReference; lastKnownFileType = sourcecode.swift; path = ViewController.swift; sourceTree = "<group>"; };
		FAB43B5D242D0441007B8F50 /* Base */ = {isa = PBXFileReference; lastKnownFileType = file.storyboard; name = Base; path = Base.lproj/Main.storyboard; sourceTree = "<group>"; };
		FAB43B5F242D0442007B8F50 /* Assets.xcassets */ = {isa = PBXFileReference; lastKnownFileType = folder.assetcatalog; path = Assets.xcassets; sourceTree = "<group>"; };
		FAB43B62242D0442007B8F50 /* Base */ = {isa = PBXFileReference; lastKnownFileType = file.storyboard; name = Base; path = Base.lproj/LaunchScreen.storyboard; sourceTree = "<group>"; };
		FAB43B64242D0442007B8F50 /* Info.plist */ = {isa = PBXFileReference; lastKnownFileType = text.plist.xml; path = Info.plist; sourceTree = "<group>"; };
		FAB43B6A242D7380007B8F50 /* Fetcher.swift */ = {isa = PBXFileReference; lastKnownFileType = sourcecode.swift; path = Fetcher.swift; sourceTree = "<group>"; };
		FAB43B6C242D73E7007B8F50 /* Responses.swift */ = {isa = PBXFileReference; lastKnownFileType = sourcecode.swift; path = Responses.swift; sourceTree = "<group>"; };
		FAB43B90242DD31E007B8F50 /* MovieCell.swift */ = {isa = PBXFileReference; lastKnownFileType = sourcecode.swift; path = MovieCell.swift; sourceTree = "<group>"; };
		FAB43B92242DD3D8007B8F50 /* MovieTableViewController.swift */ = {isa = PBXFileReference; lastKnownFileType = sourcecode.swift; path = MovieTableViewController.swift; sourceTree = "<group>"; };
		FAB43B94242DE857007B8F50 /* ParametersViewController.swift */ = {isa = PBXFileReference; lastKnownFileType = sourcecode.swift; path = ParametersViewController.swift; sourceTree = "<group>"; };
/* End PBXFileReference section */

/* Begin PBXFrameworksBuildPhase section */
		FAB43B50242D0441007B8F50 /* Frameworks */ = {
			isa = PBXFrameworksBuildPhase;
			buildActionMask = 2147483647;
			files = (
				05CEBDBCB9B12E93541DB761 /* Pods_NetflixBinge.framework in Frameworks */,
			);
			runOnlyForDeploymentPostprocessing = 0;
		};
/* End PBXFrameworksBuildPhase section */

/* Begin PBXGroup section */
		A26F7C792C54F30584C2D459 /* Frameworks */ = {
			isa = PBXGroup;
			children = (
				69EA1BEFEE65401D7B7443E4 /* Pods_NetflixBinge.framework */,
			);
			name = Frameworks;
			sourceTree = "<group>";
		};
		C7805FEE2E64F31EF52D0AFE /* Pods */ = {
			isa = PBXGroup;
			children = (
				238CAB7B8BC219FDC82C6330 /* Pods-NetflixBinge.debug.xcconfig */,
				EB1A63450DF9BFCD95C309B1 /* Pods-NetflixBinge.release.xcconfig */,
			);
			path = Pods;
			sourceTree = "<group>";
		};
		FAA887752432DAB700B83743 /* TextFieldEffects */ = {
			isa = PBXGroup;
			children = (
				FAA887762432DAB700B83743 /* YoshikoTextField.swift */,
				FAA887772432DAB700B83743 /* TextFieldEffects.h */,
				FAA887782432DAB700B83743 /* HoshiTextField.swift */,
				FAA887792432DAB700B83743 /* MinoruTextField.swift */,
				FAA8877A2432DAB700B83743 /* YokoTextField.swift */,
				FAA8877B2432DAB700B83743 /* TextFieldEffects.swift */,
				FAA8877C2432DAB700B83743 /* JiroTextField.swift */,
				FAA8877D2432DAB700B83743 /* MadokaTextField.swift */,
				FAA8877E2432DAB700B83743 /* KaedeTextField.swift */,
				FAA8877F2432DAB700B83743 /* AkiraTextField.swift */,
				FAA887802432DAB700B83743 /* IsaoTextField.swift */,
				FAA887812432DAB700B83743 /* Info.plist */,
			);
			name = TextFieldEffects;
			path = TextFieldEffects/TextFieldEffects;
			sourceTree = "<group>";
		};
		FAA887822432DABB00B83743 /* TextFieldEffects */ = {
			isa = PBXGroup;
			children = (
				FAA887832432DABB00B83743 /* YoshikoTextField.swift */,
				FAA887842432DABB00B83743 /* TextFieldEffects.h */,
				FAA887852432DABB00B83743 /* HoshiTextField.swift */,
				FAA887862432DABB00B83743 /* MinoruTextField.swift */,
				FAA887872432DABB00B83743 /* YokoTextField.swift */,
				FAA887882432DABB00B83743 /* TextFieldEffects.swift */,
				FAA887892432DABB00B83743 /* JiroTextField.swift */,
				FAA8878A2432DABB00B83743 /* MadokaTextField.swift */,
				FAA8878B2432DABB00B83743 /* KaedeTextField.swift */,
				FAA8878C2432DABB00B83743 /* AkiraTextField.swift */,
				FAA8878D2432DABB00B83743 /* IsaoTextField.swift */,
				FAA8878E2432DABB00B83743 /* Info.plist */,
			);
			name = TextFieldEffects;
			path = TextFieldEffects/TextFieldEffects;
			sourceTree = "<group>";
		};
		FAB43B4A242D0441007B8F50 = {
			isa = PBXGroup;
			children = (
				FAA887712432C03C00B83743 /* BaseViewController.swift */,
				FAB43B55242D0441007B8F50 /* NetflixBinge */,
				FAB43B54242D0441007B8F50 /* Products */,
				C7805FEE2E64F31EF52D0AFE /* Pods */,
				A26F7C792C54F30584C2D459 /* Frameworks */,
			);
			sourceTree = "<group>";
		};
		FAB43B54242D0441007B8F50 /* Products */ = {
			isa = PBXGroup;
			children = (
				FAB43B53242D0441007B8F50 /* NetflixBinge.app */,
			);
			name = Products;
			sourceTree = "<group>";
		};
		FAB43B55242D0441007B8F50 /* NetflixBinge */ = {
			isa = PBXGroup;
			children = (
				FAB43B56242D0441007B8F50 /* AppDelegate.swift */,
				FAB43B5A242D0441007B8F50 /* ViewController.swift */,
				FAB43B92242DD3D8007B8F50 /* MovieTableViewController.swift */,
				FA18C8DF2432FD5000A5FA54 /* LoginViewController.swift */,
				FAB43B6A242D7380007B8F50 /* Fetcher.swift */,
				FAA88765243244A800B83743 /* mavenpro-black.ttf */,
				FAA88767243244A900B83743 /* mavenpro-bold.ttf */,
				FAA88768243244A900B83743 /* mavenpro-medium.ttf */,
				FAA887752432DAB700B83743 /* TextFieldEffects */,
				FAA887822432DABB00B83743 /* TextFieldEffects */,
				FAA88766243244A900B83743 /* mavenpro-regular.ttf */,
				FAB43B94242DE857007B8F50 /* ParametersViewController.swift */,
				FAB43B6C242D73E7007B8F50 /* Responses.swift */,
				FAB43B5C242D0441007B8F50 /* Main.storyboard */,
				FAA8876F24324B5300B83743 /* ListViewController.swift */,
				FAA887632431FEE200B83743 /* DetailViewController.swift */,
				FAB43B90242DD31E007B8F50 /* MovieCell.swift */,
				FAB43B5F242D0442007B8F50 /* Assets.xcassets */,
				FAB43B61242D0442007B8F50 /* LaunchScreen.storyboard */,
				FAB43B64242D0442007B8F50 /* Info.plist */,
			);
			path = NetflixBinge;
			sourceTree = "<group>";
		};
/* End PBXGroup section */

/* Begin PBXNativeTarget section */
		FAB43B52242D0441007B8F50 /* NetflixBinge */ = {
			isa = PBXNativeTarget;
			buildConfigurationList = FAB43B67242D0442007B8F50 /* Build configuration list for PBXNativeTarget "NetflixBinge" */;
			buildPhases = (
				5B63238CD5E122B370464EFE /* [CP] Check Pods Manifest.lock */,
				FAB43B4F242D0441007B8F50 /* Sources */,
				FAB43B50242D0441007B8F50 /* Frameworks */,
				FAB43B51242D0441007B8F50 /* Resources */,
				A5F6A2C9DFF0C8CB21910A20 /* [CP] Embed Pods Frameworks */,
				485BF0E5F40FB6FB98613897 /* [CP] Copy Pods Resources */,
			);
			buildRules = (
			);
			dependencies = (
			);
			name = NetflixBinge;
			productName = NetflixBinge;
			productReference = FAB43B53242D0441007B8F50 /* NetflixBinge.app */;
			productType = "com.apple.product-type.application";
		};
/* End PBXNativeTarget section */

/* Begin PBXProject section */
		FAB43B4B242D0441007B8F50 /* Project object */ = {
			isa = PBXProject;
			attributes = {
				LastSwiftUpdateCheck = 1130;
				LastUpgradeCheck = 1130;
				ORGANIZATIONNAME = CS411;
				TargetAttributes = {
					FAB43B52242D0441007B8F50 = {
						CreatedOnToolsVersion = 11.3.1;
					};
				};
			};
			buildConfigurationList = FAB43B4E242D0441007B8F50 /* Build configuration list for PBXProject "NetflixBinge" */;
			compatibilityVersion = "Xcode 9.3";
			developmentRegion = en;
			hasScannedForEncodings = 0;
			knownRegions = (
				en,
				Base,
			);
			mainGroup = FAB43B4A242D0441007B8F50;
			productRefGroup = FAB43B54242D0441007B8F50 /* Products */;
			projectDirPath = "";
			projectRoot = "";
			targets = (
				FAB43B52242D0441007B8F50 /* NetflixBinge */,
			);
		};
/* End PBXProject section */

/* Begin PBXResourcesBuildPhase section */
		FAB43B51242D0441007B8F50 /* Resources */ = {
			isa = PBXResourcesBuildPhase;
			buildActionMask = 2147483647;
			files = (
				FAA88769243244A900B83743 /* mavenpro-black.ttf in Resources */,
				FAA8876B243244A900B83743 /* mavenpro-bold.ttf in Resources */,
				FAA8876C243244A900B83743 /* mavenpro-medium.ttf in Resources */,
				FAB43B63242D0442007B8F50 /* LaunchScreen.storyboard in Resources */,
				FAB43B60242D0442007B8F50 /* Assets.xcassets in Resources */,
				FAA8876A243244A900B83743 /* mavenpro-regular.ttf in Resources */,
				FAB43B5E242D0441007B8F50 /* Main.storyboard in Resources */,
			);
			runOnlyForDeploymentPostprocessing = 0;
		};
/* End PBXResourcesBuildPhase section */

/* Begin PBXShellScriptBuildPhase section */
		485BF0E5F40FB6FB98613897 /* [CP] Copy Pods Resources */ = {
			isa = PBXShellScriptBuildPhase;
			buildActionMask = 2147483647;
			files = (
			);
			inputFileListPaths = (
				"${PODS_ROOT}/Target Support Files/Pods-NetflixBinge/Pods-NetflixBinge-resources-${CONFIGURATION}-input-files.xcfilelist",
			);
			name = "[CP] Copy Pods Resources";
			outputFileListPaths = (
				"${PODS_ROOT}/Target Support Files/Pods-NetflixBinge/Pods-NetflixBinge-resources-${CONFIGURATION}-output-files.xcfilelist",
			);
			runOnlyForDeploymentPostprocessing = 0;
			shellPath = /bin/sh;
			shellScript = "\"${PODS_ROOT}/Target Support Files/Pods-NetflixBinge/Pods-NetflixBinge-resources.sh\"\n";
			showEnvVarsInLog = 0;
		};
		5B63238CD5E122B370464EFE /* [CP] Check Pods Manifest.lock */ = {
			isa = PBXShellScriptBuildPhase;
			buildActionMask = 2147483647;
			files = (
			);
			inputFileListPaths = (
			);
			inputPaths = (
				"${PODS_PODFILE_DIR_PATH}/Podfile.lock",
				"${PODS_ROOT}/Manifest.lock",
			);
			name = "[CP] Check Pods Manifest.lock";
			outputFileListPaths = (
			);
			outputPaths = (
				"$(DERIVED_FILE_DIR)/Pods-NetflixBinge-checkManifestLockResult.txt",
			);
			runOnlyForDeploymentPostprocessing = 0;
			shellPath = /bin/sh;
			shellScript = "diff \"${PODS_PODFILE_DIR_PATH}/Podfile.lock\" \"${PODS_ROOT}/Manifest.lock\" > /dev/null\nif [ $? != 0 ] ; then\n    # print error to STDERR\n    echo \"error: The sandbox is not in sync with the Podfile.lock. Run 'pod install' or update your CocoaPods installation.\" >&2\n    exit 1\nfi\n# This output is used by Xcode 'outputs' to avoid re-running this script phase.\necho \"SUCCESS\" > \"${SCRIPT_OUTPUT_FILE_0}\"\n";
			showEnvVarsInLog = 0;
		};
		A5F6A2C9DFF0C8CB21910A20 /* [CP] Embed Pods Frameworks */ = {
			isa = PBXShellScriptBuildPhase;
			buildActionMask = 2147483647;
			files = (
			);
			inputFileListPaths = (
				"${PODS_ROOT}/Target Support Files/Pods-NetflixBinge/Pods-NetflixBinge-frameworks-${CONFIGURATION}-input-files.xcfilelist",
			);
			name = "[CP] Embed Pods Frameworks";
			outputFileListPaths = (
				"${PODS_ROOT}/Target Support Files/Pods-NetflixBinge/Pods-NetflixBinge-frameworks-${CONFIGURATION}-output-files.xcfilelist",
			);
			runOnlyForDeploymentPostprocessing = 0;
			shellPath = /bin/sh;
			shellScript = "\"${PODS_ROOT}/Target Support Files/Pods-NetflixBinge/Pods-NetflixBinge-frameworks.sh\"\n";
			showEnvVarsInLog = 0;
		};
/* End PBXShellScriptBuildPhase section */

/* Begin PBXSourcesBuildPhase section */
		FAB43B4F242D0441007B8F50 /* Sources */ = {
			isa = PBXSourcesBuildPhase;
			buildActionMask = 2147483647;
			files = (
				FA18C8E02432FD5000A5FA54 /* LoginViewController.swift in Sources */,
				FAA887642431FEE200B83743 /* DetailViewController.swift in Sources */,
				FAB43B6B242D7380007B8F50 /* Fetcher.swift in Sources */,
				FAA887722432C03C00B83743 /* BaseViewController.swift in Sources */,
				FAB43B6D242D73E7007B8F50 /* Responses.swift in Sources */,
				FAB43B91242DD31E007B8F50 /* MovieCell.swift in Sources */,
				FAB43B5B242D0441007B8F50 /* ViewController.swift in Sources */,
				FAB43B95242DE857007B8F50 /* ParametersViewController.swift in Sources */,
				FAB43B57242D0441007B8F50 /* AppDelegate.swift in Sources */,
				FAA8877024324B5300B83743 /* ListViewController.swift in Sources */,
				FAB43B93242DD3D8007B8F50 /* MovieTableViewController.swift in Sources */,
			);
			runOnlyForDeploymentPostprocessing = 0;
		};
/* End PBXSourcesBuildPhase section */

/* Begin PBXVariantGroup section */
		FAB43B5C242D0441007B8F50 /* Main.storyboard */ = {
			isa = PBXVariantGroup;
			children = (
				FAB43B5D242D0441007B8F50 /* Base */,
			);
			name = Main.storyboard;
			sourceTree = "<group>";
		};
		FAB43B61242D0442007B8F50 /* LaunchScreen.storyboard */ = {
			isa = PBXVariantGroup;
			children = (
				FAB43B62242D0442007B8F50 /* Base */,
			);
			name = LaunchScreen.storyboard;
			sourceTree = "<group>";
		};
/* End PBXVariantGroup section */

/* Begin XCBuildConfiguration section */
		FAB43B65242D0442007B8F50 /* Debug */ = {
			isa = XCBuildConfiguration;
			buildSettings = {
				ALWAYS_SEARCH_USER_PATHS = NO;
				CLANG_ANALYZER_NONNULL = YES;
				CLANG_ANALYZER_NUMBER_OBJECT_CONVERSION = YES_AGGRESSIVE;
				CLANG_CXX_LANGUAGE_STANDARD = "gnu++14";
				CLANG_CXX_LIBRARY = "libc++";
				CLANG_ENABLE_MODULES = YES;
				CLANG_ENABLE_OBJC_ARC = YES;
				CLANG_ENABLE_OBJC_WEAK = YES;
				CLANG_WARN_BLOCK_CAPTURE_AUTORELEASING = YES;
				CLANG_WARN_BOOL_CONVERSION = YES;
				CLANG_WARN_COMMA = YES;
				CLANG_WARN_CONSTANT_CONVERSION = YES;
				CLANG_WARN_DEPRECATED_OBJC_IMPLEMENTATIONS = YES;
				CLANG_WARN_DIRECT_OBJC_ISA_USAGE = YES_ERROR;
				CLANG_WARN_DOCUMENTATION_COMMENTS = YES;
				CLANG_WARN_EMPTY_BODY = YES;
				CLANG_WARN_ENUM_CONVERSION = YES;
				CLANG_WARN_INFINITE_RECURSION = YES;
				CLANG_WARN_INT_CONVERSION = YES;
				CLANG_WARN_NON_LITERAL_NULL_CONVERSION = YES;
				CLANG_WARN_OBJC_IMPLICIT_RETAIN_SELF = YES;
				CLANG_WARN_OBJC_LITERAL_CONVERSION = YES;
				CLANG_WARN_OBJC_ROOT_CLASS = YES_ERROR;
				CLANG_WARN_RANGE_LOOP_ANALYSIS = YES;
				CLANG_WARN_STRICT_PROTOTYPES = YES;
				CLANG_WARN_SUSPICIOUS_MOVE = YES;
				CLANG_WARN_UNGUARDED_AVAILABILITY = YES_AGGRESSIVE;
				CLANG_WARN_UNREACHABLE_CODE = YES;
				CLANG_WARN__DUPLICATE_METHOD_MATCH = YES;
				COPY_PHASE_STRIP = NO;
				DEBUG_INFORMATION_FORMAT = dwarf;
				ENABLE_STRICT_OBJC_MSGSEND = YES;
				ENABLE_TESTABILITY = YES;
				GCC_C_LANGUAGE_STANDARD = gnu11;
				GCC_DYNAMIC_NO_PIC = NO;
				GCC_NO_COMMON_BLOCKS = YES;
				GCC_OPTIMIZATION_LEVEL = 0;
				GCC_PREPROCESSOR_DEFINITIONS = (
					"DEBUG=1",
					"$(inherited)",
				);
				GCC_WARN_64_TO_32_BIT_CONVERSION = YES;
				GCC_WARN_ABOUT_RETURN_TYPE = YES_ERROR;
				GCC_WARN_UNDECLARED_SELECTOR = YES;
				GCC_WARN_UNINITIALIZED_AUTOS = YES_AGGRESSIVE;
				GCC_WARN_UNUSED_FUNCTION = YES;
				GCC_WARN_UNUSED_VARIABLE = YES;
				IPHONEOS_DEPLOYMENT_TARGET = 13.2;
				MTL_ENABLE_DEBUG_INFO = INCLUDE_SOURCE;
				MTL_FAST_MATH = YES;
				ONLY_ACTIVE_ARCH = YES;
				SDKROOT = iphoneos;
				SWIFT_ACTIVE_COMPILATION_CONDITIONS = DEBUG;
				SWIFT_OPTIMIZATION_LEVEL = "-Onone";
			};
			name = Debug;
		};
		FAB43B66242D0442007B8F50 /* Release */ = {
			isa = XCBuildConfiguration;
			buildSettings = {
				ALWAYS_SEARCH_USER_PATHS = NO;
				CLANG_ANALYZER_NONNULL = YES;
				CLANG_ANALYZER_NUMBER_OBJECT_CONVERSION = YES_AGGRESSIVE;
				CLANG_CXX_LANGUAGE_STANDARD = "gnu++14";
				CLANG_CXX_LIBRARY = "libc++";
				CLANG_ENABLE_MODULES = YES;
				CLANG_ENABLE_OBJC_ARC = YES;
				CLANG_ENABLE_OBJC_WEAK = YES;
				CLANG_WARN_BLOCK_CAPTURE_AUTORELEASING = YES;
				CLANG_WARN_BOOL_CONVERSION = YES;
				CLANG_WARN_COMMA = YES;
				CLANG_WARN_CONSTANT_CONVERSION = YES;
				CLANG_WARN_DEPRECATED_OBJC_IMPLEMENTATIONS = YES;
				CLANG_WARN_DIRECT_OBJC_ISA_USAGE = YES_ERROR;
				CLANG_WARN_DOCUMENTATION_COMMENTS = YES;
				CLANG_WARN_EMPTY_BODY = YES;
				CLANG_WARN_ENUM_CONVERSION = YES;
				CLANG_WARN_INFINITE_RECURSION = YES;
				CLANG_WARN_INT_CONVERSION = YES;
				CLANG_WARN_NON_LITERAL_NULL_CONVERSION = YES;
				CLANG_WARN_OBJC_IMPLICIT_RETAIN_SELF = YES;
				CLANG_WARN_OBJC_LITERAL_CONVERSION = YES;
				CLANG_WARN_OBJC_ROOT_CLASS = YES_ERROR;
				CLANG_WARN_RANGE_LOOP_ANALYSIS = YES;
				CLANG_WARN_STRICT_PROTOTYPES = YES;
				CLANG_WARN_SUSPICIOUS_MOVE = YES;
				CLANG_WARN_UNGUARDED_AVAILABILITY = YES_AGGRESSIVE;
				CLANG_WARN_UNREACHABLE_CODE = YES;
				CLANG_WARN__DUPLICATE_METHOD_MATCH = YES;
				COPY_PHASE_STRIP = NO;
				DEBUG_INFORMATION_FORMAT = "dwarf-with-dsym";
				ENABLE_NS_ASSERTIONS = NO;
				ENABLE_STRICT_OBJC_MSGSEND = YES;
				GCC_C_LANGUAGE_STANDARD = gnu11;
				GCC_NO_COMMON_BLOCKS = YES;
				GCC_WARN_64_TO_32_BIT_CONVERSION = YES;
				GCC_WARN_ABOUT_RETURN_TYPE = YES_ERROR;
				GCC_WARN_UNDECLARED_SELECTOR = YES;
				GCC_WARN_UNINITIALIZED_AUTOS = YES_AGGRESSIVE;
				GCC_WARN_UNUSED_FUNCTION = YES;
				GCC_WARN_UNUSED_VARIABLE = YES;
				IPHONEOS_DEPLOYMENT_TARGET = 13.2;
				MTL_ENABLE_DEBUG_INFO = NO;
				MTL_FAST_MATH = YES;
				SDKROOT = iphoneos;
				SWIFT_COMPILATION_MODE = wholemodule;
				SWIFT_OPTIMIZATION_LEVEL = "-O";
				VALIDATE_PRODUCT = YES;
			};
			name = Release;
		};
		FAB43B68242D0442007B8F50 /* Debug */ = {
			isa = XCBuildConfiguration;
			baseConfigurationReference = 238CAB7B8BC219FDC82C6330 /* Pods-NetflixBinge.debug.xcconfig */;
			buildSettings = {
				ASSETCATALOG_COMPILER_APPICON_NAME = AppIcon;
				CODE_SIGN_STYLE = Automatic;
				DEVELOPMENT_TEAM = S4BTBT7T4A;
				INFOPLIST_FILE = NetflixBinge/Info.plist;
				LD_RUNPATH_SEARCH_PATHS = (
					"$(inherited)",
					"@executable_path/Frameworks",
				);
				PRODUCT_BUNDLE_IDENTIFIER = com.CS411.NetflixBinge;
				PRODUCT_NAME = "$(TARGET_NAME)";
				SWIFT_VERSION = 5.0;
				TARGETED_DEVICE_FAMILY = "1,2";
			};
			name = Debug;
		};
		FAB43B69242D0442007B8F50 /* Release */ = {
			isa = XCBuildConfiguration;
			baseConfigurationReference = EB1A63450DF9BFCD95C309B1 /* Pods-NetflixBinge.release.xcconfig */;
			buildSettings = {
				ASSETCATALOG_COMPILER_APPICON_NAME = AppIcon;
				CODE_SIGN_STYLE = Automatic;
				DEVELOPMENT_TEAM = S4BTBT7T4A;
				INFOPLIST_FILE = NetflixBinge/Info.plist;
				LD_RUNPATH_SEARCH_PATHS = (
					"$(inherited)",
					"@executable_path/Frameworks",
				);
				PRODUCT_BUNDLE_IDENTIFIER = com.CS411.NetflixBinge;
				PRODUCT_NAME = "$(TARGET_NAME)";
				SWIFT_VERSION = 5.0;
				TARGETED_DEVICE_FAMILY = "1,2";
			};
			name = Release;
		};
/* End XCBuildConfiguration section */

/* Begin XCConfigurationList section */
		FAB43B4E242D0441007B8F50 /* Build configuration list for PBXProject "NetflixBinge" */ = {
			isa = XCConfigurationList;
			buildConfigurations = (
				FAB43B65242D0442007B8F50 /* Debug */,
				FAB43B66242D0442007B8F50 /* Release */,
			);
			defaultConfigurationIsVisible = 0;
			defaultConfigurationName = Release;
		};
		FAB43B67242D0442007B8F50 /* Build configuration list for PBXNativeTarget "NetflixBinge" */ = {
			isa = XCConfigurationList;
			buildConfigurations = (
				FAB43B68242D0442007B8F50 /* Debug */,
				FAB43B69242D0442007B8F50 /* Release */,
			);
			defaultConfigurationIsVisible = 0;
			defaultConfigurationName = Release;
		};
/* End XCConfigurationList section */
	};
	rootObject = FAB43B4B242D0441007B8F50 /* Project object */;
}
